// !$*UTF8*$!
{
	archiveVersion = 1;
	classes = {
	};
	objectVersion = 55;
	objects = {

/* Begin PBXBuildFile section */
		F74F296627CC2A0B00A08BC3 /* AppDelegate.swift in Sources */ = {isa = PBXBuildFile; fileRef = F74F296527CC2A0B00A08BC3 /* AppDelegate.swift */; };
		F74F296827CC2A0B00A08BC3 /* GameScene.sks in Resources */ = {isa = PBXBuildFile; fileRef = F74F296727CC2A0B00A08BC3 /* GameScene.sks */; };
		F74F296A27CC2A0B00A08BC3 /* Actions.sks in Resources */ = {isa = PBXBuildFile; fileRef = F74F296927CC2A0B00A08BC3 /* Actions.sks */; };
		F74F296C27CC2A0B00A08BC3 /* GameScene.swift in Sources */ = {isa = PBXBuildFile; fileRef = F74F296B27CC2A0B00A08BC3 /* GameScene.swift */; };
		F74F296E27CC2A0B00A08BC3 /* GameViewController.swift in Sources */ = {isa = PBXBuildFile; fileRef = F74F296D27CC2A0B00A08BC3 /* GameViewController.swift */; };
		F74F297127CC2A0B00A08BC3 /* Main.storyboard in Resources */ = {isa = PBXBuildFile; fileRef = F74F296F27CC2A0B00A08BC3 /* Main.storyboard */; };
		F74F297327CC2A0D00A08BC3 /* Assets.xcassets in Resources */ = {isa = PBXBuildFile; fileRef = F74F297227CC2A0D00A08BC3 /* Assets.xcassets */; };
		F74F297627CC2A0D00A08BC3 /* LaunchScreen.storyboard in Resources */ = {isa = PBXBuildFile; fileRef = F74F297427CC2A0D00A08BC3 /* LaunchScreen.storyboard */; };
		F74F297D27CC2AA200A08BC3 /* overworld.mp3 in Resources */ = {isa = PBXBuildFile; fileRef = F74F297C27CC2AA200A08BC3 /* overworld.mp3 */; };
		F74F297F27CC2ABC00A08BC3 /* explosion.wav in Resources */ = {isa = PBXBuildFile; fileRef = F74F297E27CC2ABC00A08BC3 /* explosion.wav */; };
		F74F298127CC2ACD00A08BC3 /* bonus.wav in Resources */ = {isa = PBXBuildFile; fileRef = F74F298027CC2ACD00A08BC3 /* bonus.wav */; };
		F74F298327CC32F900A08BC3 /* SpaceDust.sks in Resources */ = {isa = PBXBuildFile; fileRef = F74F298227CC32F900A08BC3 /* SpaceDust.sks */; };
		F74F298527CC37CA00A08BC3 /* Explosion.sks in Resources */ = {isa = PBXBuildFile; fileRef = F74F298427CC37CA00A08BC3 /* Explosion.sks */; };
/* End PBXBuildFile section */

/* Begin PBXFileReference section */
		F74F296227CC2A0B00A08BC3 /* Project_1_TV.app */ = {isa = PBXFileReference; explicitFileType = wrapper.application; includeInIndex = 0; path = Project_1_TV.app; sourceTree = BUILT_PRODUCTS_DIR; };
		F74F296527CC2A0B00A08BC3 /* AppDelegate.swift */ = {isa = PBXFileReference; lastKnownFileType = sourcecode.swift; path = AppDelegate.swift; sourceTree = "<group>"; };
		F74F296727CC2A0B00A08BC3 /* GameScene.sks */ = {isa = PBXFileReference; lastKnownFileType = file.sks; path = GameScene.sks; sourceTree = "<group>"; };
		F74F296927CC2A0B00A08BC3 /* Actions.sks */ = {isa = PBXFileReference; lastKnownFileType = file.sks; path = Actions.sks; sourceTree = "<group>"; };
		F74F296B27CC2A0B00A08BC3 /* GameScene.swift */ = {isa = PBXFileReference; lastKnownFileType = sourcecode.swift; path = GameScene.swift; sourceTree = "<group>"; };
		F74F296D27CC2A0B00A08BC3 /* GameViewController.swift */ = {isa = PBXFileReference; lastKnownFileType = sourcecode.swift; path = GameViewController.swift; sourceTree = "<group>"; };
		F74F297027CC2A0B00A08BC3 /* Base */ = {isa = PBXFileReference; lastKnownFileType = file.storyboard; name = Base; path = Base.lproj/Main.storyboard; sourceTree = "<group>"; };
		F74F297227CC2A0D00A08BC3 /* Assets.xcassets */ = {isa = PBXFileReference; lastKnownFileType = folder.assetcatalog; path = Assets.xcassets; sourceTree = "<group>"; };
		F74F297527CC2A0D00A08BC3 /* Base */ = {isa = PBXFileReference; lastKnownFileType = file.storyboard; name = Base; path = Base.lproj/LaunchScreen.storyboard; sourceTree = "<group>"; };
		F74F297C27CC2AA200A08BC3 /* overworld.mp3 */ = {isa = PBXFileReference; lastKnownFileType = audio.mp3; path = overworld.mp3; sourceTree = "<group>"; };
		F74F297E27CC2ABC00A08BC3 /* explosion.wav */ = {isa = PBXFileReference; lastKnownFileType = audio.wav; path = explosion.wav; sourceTree = "<group>"; };
		F74F298027CC2ACD00A08BC3 /* bonus.wav */ = {isa = PBXFileReference; lastKnownFileType = audio.wav; path = bonus.wav; sourceTree = "<group>"; };
		F74F298227CC32F900A08BC3 /* SpaceDust.sks */ = {isa = PBXFileReference; lastKnownFileType = file.sks; path = SpaceDust.sks; sourceTree = "<group>"; };
		F74F298427CC37CA00A08BC3 /* Explosion.sks */ = {isa = PBXFileReference; lastKnownFileType = file.sks; path = Explosion.sks; sourceTree = "<group>"; };
/* End PBXFileReference section */

/* Begin PBXFrameworksBuildPhase section */
		F74F295F27CC2A0B00A08BC3 /* Frameworks */ = {
			isa = PBXFrameworksBuildPhase;
			buildActionMask = 2147483647;
			files = (
			);
			runOnlyForDeploymentPostprocessing = 0;
		};
/* End PBXFrameworksBuildPhase section */

/* Begin PBXGroup section */
		F74F295927CC2A0B00A08BC3 = {
			isa = PBXGroup;
			children = (
				F74F296427CC2A0B00A08BC3 /* Project_1_TV */,
				F74F296327CC2A0B00A08BC3 /* Products */,
			);
			sourceTree = "<group>";
		};
		F74F296327CC2A0B00A08BC3 /* Products */ = {
			isa = PBXGroup;
			children = (
				F74F296227CC2A0B00A08BC3 /* Project_1_TV.app */,
			);
			name = Products;
			sourceTree = "<group>";
		};
		F74F296427CC2A0B00A08BC3 /* Project_1_TV */ = {
			isa = PBXGroup;
			children = (
				F74F296527CC2A0B00A08BC3 /* AppDelegate.swift */,
				F74F296727CC2A0B00A08BC3 /* GameScene.sks */,
				F74F296927CC2A0B00A08BC3 /* Actions.sks */,
				F74F296B27CC2A0B00A08BC3 /* GameScene.swift */,
				F74F297C27CC2AA200A08BC3 /* overworld.mp3 */,
				F74F297E27CC2ABC00A08BC3 /* explosion.wav */,
				F74F298027CC2ACD00A08BC3 /* bonus.wav */,
				F74F296D27CC2A0B00A08BC3 /* GameViewController.swift */,
				F74F296F27CC2A0B00A08BC3 /* Main.storyboard */,
				F74F297227CC2A0D00A08BC3 /* Assets.xcassets */,
				F74F298427CC37CA00A08BC3 /* Explosion.sks */,
				F74F298227CC32F900A08BC3 /* SpaceDust.sks */,
				F74F297427CC2A0D00A08BC3 /* LaunchScreen.storyboard */,
			);
			path = Project_1_TV;
			sourceTree = "<group>";
		};
/* End PBXGroup section */

/* Begin PBXNativeTarget section */
		F74F296127CC2A0B00A08BC3 /* Project_1_TV */ = {
			isa = PBXNativeTarget;
			buildConfigurationList = F74F297927CC2A0D00A08BC3 /* Build configuration list for PBXNativeTarget "Project_1_TV" */;
			buildPhases = (
				F74F295E27CC2A0B00A08BC3 /* Sources */,
				F74F295F27CC2A0B00A08BC3 /* Frameworks */,
				F74F296027CC2A0B00A08BC3 /* Resources */,
			);
			buildRules = (
			);
			dependencies = (
			);
			name = Project_1_TV;
			productName = Project_1_TV;
			productReference = F74F296227CC2A0B00A08BC3 /* Project_1_TV.app */;
			productType = "com.apple.product-type.application";
		};
/* End PBXNativeTarget section */

/* Begin PBXProject section */
		F74F295A27CC2A0B00A08BC3 /* Project object */ = {
			isa = PBXProject;
			attributes = {
				BuildIndependentTargetsInParallel = 1;
				LastSwiftUpdateCheck = 1330;
				LastUpgradeCheck = 1330;
				TargetAttributes = {
					F74F296127CC2A0B00A08BC3 = {
						CreatedOnToolsVersion = 13.3;
					};
				};
			};
			buildConfigurationList = F74F295D27CC2A0B00A08BC3 /* Build configuration list for PBXProject "Project_1_TV" */;
			compatibilityVersion = "Xcode 13.0";
			developmentRegion = en;
			hasScannedForEncodings = 0;
			knownRegions = (
				en,
				Base,
			);
			mainGroup = F74F295927CC2A0B00A08BC3;
			productRefGroup = F74F296327CC2A0B00A08BC3 /* Products */;
			projectDirPath = "";
			projectRoot = "";
			targets = (
				F74F296127CC2A0B00A08BC3 /* Project_1_TV */,
			);
		};
/* End PBXProject section */

/* Begin PBXResourcesBuildPhase section */
		F74F296027CC2A0B00A08BC3 /* Resources */ = {
			isa = PBXResourcesBuildPhase;
			buildActionMask = 2147483647;
			files = (
				F74F297127CC2A0B00A08BC3 /* Main.storyboard in Resources */,
				F74F298327CC32F900A08BC3 /* SpaceDust.sks in Resources */,
				F74F296827CC2A0B00A08BC3 /* GameScene.sks in Resources */,
				F74F297F27CC2ABC00A08BC3 /* explosion.wav in Resources */,
				F74F297327CC2A0D00A08BC3 /* Assets.xcassets in Resources */,
				F74F298127CC2ACD00A08BC3 /* bonus.wav in Resources */,
				F74F297D27CC2AA200A08BC3 /* overworld.mp3 in Resources */,
				F74F298527CC37CA00A08BC3 /* Explosion.sks in Resources */,
				F74F297627CC2A0D00A08BC3 /* LaunchScreen.storyboard in Resources */,
				F74F296A27CC2A0B00A08BC3 /* Actions.sks in Resources */,
			);
			runOnlyForDeploymentPostprocessing = 0;
		};
/* End PBXResourcesBuildPhase section */

/* Begin PBXSourcesBuildPhase section */
		F74F295E27CC2A0B00A08BC3 /* Sources */ = {
			isa = PBXSourcesBuildPhase;
			buildActionMask = 2147483647;
			files = (
				F74F296C27CC2A0B00A08BC3 /* GameScene.swift in Sources */,
				F74F296E27CC2A0B00A08BC3 /* GameViewController.swift in Sources */,
				F74F296627CC2A0B00A08BC3 /* AppDelegate.swift in Sources */,
			);
			runOnlyForDeploymentPostprocessing = 0;
		};
/* End PBXSourcesBuildPhase section */

/* Begin PBXVariantGroup section */
		F74F296F27CC2A0B00A08BC3 /* Main.storyboard */ = {
			isa = PBXVariantGroup;
			children = (
				F74F297027CC2A0B00A08BC3 /* Base */,
			);
			name = Main.storyboard;
			sourceTree = "<group>";
		};
		F74F297427CC2A0D00A08BC3 /* LaunchScreen.storyboard */ = {
			isa = PBXVariantGroup;
			children = (
				F74F297527CC2A0D00A08BC3 /* Base */,
			);
			name = LaunchScreen.storyboard;
			sourceTree = "<group>";
		};
/* End PBXVariantGroup section */

/* Begin XCBuildConfiguration section */
		F74F297727CC2A0D00A08BC3 /* Debug */ = {
			isa = XCBuildConfiguration;
			buildSettings = {
				ALWAYS_SEARCH_USER_PATHS = NO;
				CLANG_ANALYZER_NONNULL = YES;
				CLANG_ANALYZER_NUMBER_OBJECT_CONVERSION = YES_AGGRESSIVE;
				CLANG_CXX_LANGUAGE_STANDARD = "gnu++17";
				CLANG_ENABLE_MODULES = YES;
				CLANG_ENABLE_OBJC_ARC = YES;
				CLANG_ENABLE_OBJC_WEAK = YES;
				CLANG_WARN_BLOCK_CAPTURE_AUTORELEASING = YES;
				CLANG_WARN_BOOL_CONVERSION = YES;
				CLANG_WARN_COMMA = YES;
				CLANG_WARN_CONSTANT_CONVERSION = YES;
				CLANG_WARN_DEPRECATED_OBJC_IMPLEMENTATIONS = YES;
				CLANG_WARN_DIRECT_OBJC_ISA_USAGE = YES_ERROR;
				CLANG_WARN_DOCUMENTATION_COMMENTS = YES;
				CLANG_WARN_EMPTY_BODY = YES;
				CLANG_WARN_ENUM_CONVERSION = YES;
				CLANG_WARN_INFINITE_RECURSION = YES;
				CLANG_WARN_INT_CONVERSION = YES;
				CLANG_WARN_NON_LITERAL_NULL_CONVERSION = YES;
				CLANG_WARN_OBJC_IMPLICIT_RETAIN_SELF = YES;
				CLANG_WARN_OBJC_LITERAL_CONVERSION = YES;
				CLANG_WARN_OBJC_ROOT_CLASS = YES_ERROR;
				CLANG_WARN_QUOTED_INCLUDE_IN_FRAMEWORK_HEADER = YES;
				CLANG_WARN_RANGE_LOOP_ANALYSIS = YES;
				CLANG_WARN_STRICT_PROTOTYPES = YES;
				CLANG_WARN_SUSPICIOUS_MOVE = YES;
				CLANG_WARN_UNGUARDED_AVAILABILITY = YES_AGGRESSIVE;
				CLANG_WARN_UNREACHABLE_CODE = YES;
				CLANG_WARN__DUPLICATE_METHOD_MATCH = YES;
				COPY_PHASE_STRIP = NO;
				DEBUG_INFORMATION_FORMAT = dwarf;
				ENABLE_STRICT_OBJC_MSGSEND = YES;
				ENABLE_TESTABILITY = YES;
				GCC_C_LANGUAGE_STANDARD = gnu11;
				GCC_DYNAMIC_NO_PIC = NO;
				GCC_NO_COMMON_BLOCKS = YES;
				GCC_OPTIMIZATION_LEVEL = 0;
				GCC_PREPROCESSOR_DEFINITIONS = (
					"DEBUG=1",
					"$(inherited)",
				);
				GCC_WARN_64_TO_32_BIT_CONVERSION = YES;
				GCC_WARN_ABOUT_RETURN_TYPE = YES_ERROR;
				GCC_WARN_UNDECLARED_SELECTOR = YES;
				GCC_WARN_UNINITIALIZED_AUTOS = YES_AGGRESSIVE;
				GCC_WARN_UNUSED_FUNCTION = YES;
				GCC_WARN_UNUSED_VARIABLE = YES;
				MTL_ENABLE_DEBUG_INFO = INCLUDE_SOURCE;
				MTL_FAST_MATH = YES;
				ONLY_ACTIVE_ARCH = YES;
				SDKROOT = appletvos;
				SWIFT_ACTIVE_COMPILATION_CONDITIONS = DEBUG;
				SWIFT_OPTIMIZATION_LEVEL = "-Onone";
				TVOS_DEPLOYMENT_TARGET = 15.4;
			};
			name = Debug;
		};
		F74F297827CC2A0D00A08BC3 /* Release */ = {
			isa = XCBuildConfiguration;
			buildSettings = {
				ALWAYS_SEARCH_USER_PATHS = NO;
				CLANG_ANALYZER_NONNULL = YES;
				CLANG_ANALYZER_NUMBER_OBJECT_CONVERSION = YES_AGGRESSIVE;
				CLANG_CXX_LANGUAGE_STANDARD = "gnu++17";
				CLANG_ENABLE_MODULES = YES;
				CLANG_ENABLE_OBJC_ARC = YES;
				CLANG_ENABLE_OBJC_WEAK = YES;
				CLANG_WARN_BLOCK_CAPTURE_AUTORELEASING = YES;
				CLANG_WARN_BOOL_CONVERSION = YES;
				CLANG_WARN_COMMA = YES;
				CLANG_WARN_CONSTANT_CONVERSION = YES;
				CLANG_WARN_DEPRECATED_OBJC_IMPLEMENTATIONS = YES;
				CLANG_WARN_DIRECT_OBJC_ISA_USAGE = YES_ERROR;
				CLANG_WARN_DOCUMENTATION_COMMENTS = YES;
				CLANG_WARN_EMPTY_BODY = YES;
				CLANG_WARN_ENUM_CONVERSION = YES;
				CLANG_WARN_INFINITE_RECURSION = YES;
				CLANG_WARN_INT_CONVERSION = YES;
				CLANG_WARN_NON_LITERAL_NULL_CONVERSION = YES;
				CLANG_WARN_OBJC_IMPLICIT_RETAIN_SELF = YES;
				CLANG_WARN_OBJC_LITERAL_CONVERSION = YES;
				CLANG_WARN_OBJC_ROOT_CLASS = YES_ERROR;
				CLANG_WARN_QUOTED_INCLUDE_IN_FRAMEWORK_HEADER = YES;
				CLANG_WARN_RANGE_LOOP_ANALYSIS = YES;
				CLANG_WARN_STRICT_PROTOTYPES = YES;
				CLANG_WARN_SUSPICIOUS_MOVE = YES;
				CLANG_WARN_UNGUARDED_AVAILABILITY = YES_AGGRESSIVE;
				CLANG_WARN_UNREACHABLE_CODE = YES;
				CLANG_WARN__DUPLICATE_METHOD_MATCH = YES;
				COPY_PHASE_STRIP = NO;
				DEBUG_INFORMATION_FORMAT = "dwarf-with-dsym";
				ENABLE_NS_ASSERTIONS = NO;
				ENABLE_STRICT_OBJC_MSGSEND = YES;
				GCC_C_LANGUAGE_STANDARD = gnu11;
				GCC_NO_COMMON_BLOCKS = YES;
				GCC_WARN_64_TO_32_BIT_CONVERSION = YES;
				GCC_WARN_ABOUT_RETURN_TYPE = YES_ERROR;
				GCC_WARN_UNDECLARED_SELECTOR = YES;
				GCC_WARN_UNINITIALIZED_AUTOS = YES_AGGRESSIVE;
				GCC_WARN_UNUSED_FUNCTION = YES;
				GCC_WARN_UNUSED_VARIABLE = YES;
				MTL_ENABLE_DEBUG_INFO = NO;
				MTL_FAST_MATH = YES;
				SDKROOT = appletvos;
				SWIFT_COMPILATION_MODE = wholemodule;
				SWIFT_OPTIMIZATION_LEVEL = "-O";
				TVOS_DEPLOYMENT_TARGET = 15.4;
				VALIDATE_PRODUCT = YES;
			};
			name = Release;
		};
		F74F297A27CC2A0D00A08BC3 /* Debug */ = {
			isa = XCBuildConfiguration;
			buildSettings = {
				ASSETCATALOG_COMPILER_APPICON_NAME = "App Icon & Top Shelf Image";
				ASSETCATALOG_COMPILER_GLOBAL_ACCENT_COLOR_NAME = AccentColor;
				CODE_SIGN_STYLE = Automatic;
				CURRENT_PROJECT_VERSION = 1;
				DEVELOPMENT_TEAM = YQR2E4PRF4;
				GENERATE_INFOPLIST_FILE = YES;
				INFOPLIST_KEY_UILaunchStoryboardName = LaunchScreen;
				INFOPLIST_KEY_UIMainStoryboardFile = Main;
				INFOPLIST_KEY_UIUserInterfaceStyle = Automatic;
				LD_RUNPATH_SEARCH_PATHS = (
					"$(inherited)",
					"@executable_path/Frameworks",
				);
				MARKETING_VERSION = 1.0;
				PRODUCT_BUNDLE_IDENTIFIER = "com.2130Studios.Project-1-TV";
				PRODUCT_NAME = "$(TARGET_NAME)";
				SWIFT_EMIT_LOC_STRINGS = YES;
				SWIFT_VERSION = 5.0;
				TARGETED_DEVICE_FAMILY = 3;
			};
			name = Debug;
		};
		F74F297B27CC2A0D00A08BC3 /* Release */ = {
			isa = XCBuildConfiguration;
			buildSettings = {
				ASSETCATALOG_COMPILER_APPICON_NAME = "App Icon & Top Shelf Image";
				ASSETCATALOG_COMPILER_GLOBAL_ACCENT_COLOR_NAME = AccentColor;
				CODE_SIGN_STYLE = Automatic;
				CURRENT_PROJECT_VERSION = 1;
				DEVELOPMENT_TEAM = YQR2E4PRF4;
				GENERATE_INFOPLIST_FILE = YES;
				INFOPLIST_KEY_UILaunchStoryboardName = LaunchScreen;
				INFOPLIST_KEY_UIMainStoryboardFile = Main;
				INFOPLIST_KEY_UIUserInterfaceStyle = Automatic;
				LD_RUNPATH_SEARCH_PATHS = (
					"$(inherited)",
					"@executable_path/Frameworks",
				);
				MARKETING_VERSION = 1.0;
				PRODUCT_BUNDLE_IDENTIFIER = "com.2130Studios.Project-1-TV";
				PRODUCT_NAME = "$(TARGET_NAME)";
				SWIFT_EMIT_LOC_STRINGS = YES;
				SWIFT_VERSION = 5.0;
				TARGETED_DEVICE_FAMILY = 3;
			};
			name = Release;
		};
/* End XCBuildConfiguration section */

/* Begin XCConfigurationList section */
		F74F295D27CC2A0B00A08BC3 /* Build configuration list for PBXProject "Project_1_TV" */ = {
			isa = XCConfigurationList;
			buildConfigurations = (
				F74F297727CC2A0D00A08BC3 /* Debug */,
				F74F297827CC2A0D00A08BC3 /* Release */,
			);
			defaultConfigurationIsVisible = 0;
			defaultConfigurationName = Release;
		};
		F74F297927CC2A0D00A08BC3 /* Build configuration list for PBXNativeTarget "Project_1_TV" */ = {
			isa = XCConfigurationList;
			buildConfigurations = (
				F74F297A27CC2A0D00A08BC3 /* Debug */,
				F74F297B27CC2A0D00A08BC3 /* Release */,
			);
			defaultConfigurationIsVisible = 0;
			defaultConfigurationName = Release;
		};
/* End XCConfigurationList section */
	};
	rootObject = F74F295A27CC2A0B00A08BC3 /* Project object */;
}
